
Microsoft Visual Studio Solution File, Format Version 12.00
# Visual Studio 15
VisualStudioVersion = 15.0.28307.271
MinimumVisualStudioVersion = 10.0.40219.1
Project("{FAE04EC0-301F-11D3-BF4B-00C04F79EFBC}") = "BFS", "BFS\BFS.csproj", "{555B7589-4D15-468D-8C74-95D784689865}"
EndProject
Global
	GlobalSection(SolutionConfigurationPlatforms) = preSolution
		Debug|Any CPU = Debug|Any CPU
		Release|Any CPU = Release|Any CPU
	EndGlobalSection
	GlobalSection(ProjectConfigurationPlatforms) = postSolution
		{555B7589-4D15-468D-8C74-95D784689865}.Debug|Any CPU.ActiveCfg = Debug|Any CPU
		{555B7589-4D15-468D-8C74-95D784689865}.Debug|Any CPU.Build.0 = Debug|Any CPU
		{555B7589-4D15-468D-8C74-95D784689865}.Release|Any CPU.ActiveCfg = Release|Any CPU
		{555B7589-4D15-468D-8C74-95D784689865}.Release|Any CPU.Build.0 = Release|Any CPU
	EndGlobalSection
	GlobalSection(SolutionProperties) = preSolution
		HideSolutionNode = FALSE
	EndGlobalSection
	GlobalSection(ExtensibilityGlobals) = postSolution
		SolutionGuid = {03A05576-E6ED-4E28-B5D3-9D68C65FD684}
	EndGlobalSection
EndGlobal
