
Microsoft Visual Studio Solution File, Format Version 12.00
# Visual Studio 15
VisualStudioVersion = 15.0.28307.271
MinimumVisualStudioVersion = 10.0.40219.1
Project("{FAE04EC0-301F-11D3-BF4B-00C04F79EFBC}") = "LinkedList", "LinkedList\LinkedList.csproj", "{BA75FA95-E169-4D24-9A0F-8C5EE20ACC8B}"
EndProject
Global
	GlobalSection(SolutionConfigurationPlatforms) = preSolution
		Debug|Any CPU = Debug|Any CPU
		Release|Any CPU = Release|Any CPU
	EndGlobalSection
	GlobalSection(ProjectConfigurationPlatforms) = postSolution
		{BA75FA95-E169-4D24-9A0F-8C5EE20ACC8B}.Debug|Any CPU.ActiveCfg = Debug|Any CPU
		{BA75FA95-E169-4D24-9A0F-8C5EE20ACC8B}.Debug|Any CPU.Build.0 = Debug|Any CPU
		{BA75FA95-E169-4D24-9A0F-8C5EE20ACC8B}.Release|Any CPU.ActiveCfg = Release|Any CPU
		{BA75FA95-E169-4D24-9A0F-8C5EE20ACC8B}.Release|Any CPU.Build.0 = Release|Any CPU
	EndGlobalSection
	GlobalSection(SolutionProperties) = preSolution
		HideSolutionNode = FALSE
	EndGlobalSection
	GlobalSection(ExtensibilityGlobals) = postSolution
		SolutionGuid = {C962F1F3-A0FE-4D36-AD42-8C3AA64D00A7}
	EndGlobalSection
EndGlobal
